
Microsoft Visual Studio Solution File, Format Version 12.00
# Visual Studio Version 17
VisualStudioVersion = 17.6.33829.357
MinimumVisualStudioVersion = 10.0.40219.1
Project("{8BC9CEB8-8B4A-11D0-8D11-00A0C91BC942}") = "app", "app\app.vcxproj", "{5E13D219-280E-4C89-BC44-A86740840694}"
	ProjectSection(ProjectDependencies) = postProject
		{1C8EAAF2-133E-4CEE-8981-4A903A8B3935} = {1C8EAAF2-133E-4CEE-8981-4A903A8B3935}
		{52CF496D-1E32-4936-B9E8-ED46B46AADDC} = {52CF496D-1E32-4936-B9E8-ED46B46AADDC}
		{6536CC03-9893-414A-934B-D9A39AF223A9} = {6536CC03-9893-414A-934B-D9A39AF223A9}
		{7FA4A42A-662F-4F29-839B-4CEB0645FD4A} = {7FA4A42A-662F-4F29-839B-4CEB0645FD4A}
		{9C6E64DC-A002-4A73-9447-467F118FEBF7} = {9C6E64DC-A002-4A73-9447-467F118FEBF7}
		{A85A10B7-6E55-4B40-9E08-9D82C9E11EF1} = {A85A10B7-6E55-4B40-9E08-9D82C9E11EF1}
		{C597FB2F-BF7E-4357-AC4E-D46BA5B14020} = {C597FB2F-BF7E-4357-AC4E-D46BA5B14020}
		{EB4EBA70-C7D5-46B5-9C25-98223CD01794} = {EB4EBA70-C7D5-46B5-9C25-98223CD01794}
		{FAD73FC9-C346-447F-9EC0-698F0EECEDC3} = {FAD73FC9-C346-447F-9EC0-698F0EECEDC3}
	EndProjectSection
EndProject
Project("{8BC9CEB8-8B4A-11D0-8D11-00A0C91BC942}") = "cmapi", "cmapi\cmapi.vcxproj", "{9C6E64DC-A002-4A73-9447-467F118FEBF7}"
EndProject
Project("{2150E333-8FDC-42A3-9474-1A3956D46DE8}") = "cm_com", "cm_com", "{A3445255-0068-49C6-A2C3-8697EEC5BE19}"
EndProject
Project("{2150E333-8FDC-42A3-9474-1A3956D46DE8}") = "Build Notes", "Build Notes", "{7BD8A0D8-BE47-4B16-B9F8-88FB26002AF2}"
	ProjectSection(SolutionItems) = preProject
		build_notes.txt = build_notes.txt
	EndProjectSection
EndProject
Project("{8BC9CEB8-8B4A-11D0-8D11-00A0C91BC942}") = "comapi", "comapi\comapi.vcxproj", "{52CF496D-1E32-4936-B9E8-ED46B46AADDC}"
	ProjectSection(ProjectDependencies) = postProject
		{9C6E64DC-A002-4A73-9447-467F118FEBF7} = {9C6E64DC-A002-4A73-9447-467F118FEBF7}
	EndProjectSection
EndProject
Project("{8BC9CEB8-8B4A-11D0-8D11-00A0C91BC942}") = "lanapi", "lanapi\lanapi.vcxproj", "{6536CC03-9893-414A-934B-D9A39AF223A9}"
	ProjectSection(ProjectDependencies) = postProject
		{9C6E64DC-A002-4A73-9447-467F118FEBF7} = {9C6E64DC-A002-4A73-9447-467F118FEBF7}
	EndProjectSection
EndProject
Project("{8BC9CEB8-8B4A-11D0-8D11-00A0C91BC942}") = "fifoapi", "fifoapi\fifoapi.vcxproj", "{C597FB2F-BF7E-4357-AC4E-D46BA5B14020}"
	ProjectSection(ProjectDependencies) = postProject
		{9C6E64DC-A002-4A73-9447-467F118FEBF7} = {9C6E64DC-A002-4A73-9447-467F118FEBF7}
	EndProjectSection
EndProject
Project("{8BC9CEB8-8B4A-11D0-8D11-00A0C91BC942}") = "optoapi", "optoapi\optoapi.vcxproj", "{A85A10B7-6E55-4B40-9E08-9D82C9E11EF1}"
	ProjectSection(ProjectDependencies) = postProject
		{9C6E64DC-A002-4A73-9447-467F118FEBF7} = {9C6E64DC-A002-4A73-9447-467F118FEBF7}
	EndProjectSection
EndProject
Project("{8BC9CEB8-8B4A-11D0-8D11-00A0C91BC942}") = "udpapi", "udpapi\udpapi.vcxproj", "{EB4EBA70-C7D5-46B5-9C25-98223CD01794}"
	ProjectSection(ProjectDependencies) = postProject
		{9C6E64DC-A002-4A73-9447-467F118FEBF7} = {9C6E64DC-A002-4A73-9447-467F118FEBF7}
	EndProjectSection
EndProject
Project("{8BC9CEB8-8B4A-11D0-8D11-00A0C91BC942}") = "uartapi", "uartapi\uartapi.vcxproj", "{7FA4A42A-662F-4F29-839B-4CEB0645FD4A}"
EndProject
Project("{8BC9CEB8-8B4A-11D0-8D11-00A0C91BC942}") = "libserialport", "libserialport\libserialport.vcxproj", "{1C8EAAF2-133E-4CEE-8981-4A903A8B3935}"
EndProject
Project("{8BC9CEB8-8B4A-11D0-8D11-00A0C91BC942}") = "libspapi", "libspapi\libspapi.vcxproj", "{FAD73FC9-C346-447F-9EC0-698F0EECEDC3}"
	ProjectSection(ProjectDependencies) = postProject
		{1C8EAAF2-133E-4CEE-8981-4A903A8B3935} = {1C8EAAF2-133E-4CEE-8981-4A903A8B3935}
		{9C6E64DC-A002-4A73-9447-467F118FEBF7} = {9C6E64DC-A002-4A73-9447-467F118FEBF7}
	EndProjectSection
EndProject
Global
	GlobalSection(SolutionConfigurationPlatforms) = preSolution
		Debug|x64 = Debug|x64
		Debug|x86 = Debug|x86
		Release|x64 = Release|x64
		Release|x86 = Release|x86
	EndGlobalSection
	GlobalSection(ProjectConfigurationPlatforms) = postSolution
		{5E13D219-280E-4C89-BC44-A86740840694}.Debug|x64.ActiveCfg = Debug|x64
		{5E13D219-280E-4C89-BC44-A86740840694}.Debug|x64.Build.0 = Debug|x64
		{5E13D219-280E-4C89-BC44-A86740840694}.Debug|x86.ActiveCfg = Debug|x64
		{5E13D219-280E-4C89-BC44-A86740840694}.Release|x64.ActiveCfg = Release|x64
		{5E13D219-280E-4C89-BC44-A86740840694}.Release|x64.Build.0 = Release|x64
		{5E13D219-280E-4C89-BC44-A86740840694}.Release|x86.ActiveCfg = Release|x64
		{9C6E64DC-A002-4A73-9447-467F118FEBF7}.Debug|x64.ActiveCfg = Debug|x64
		{9C6E64DC-A002-4A73-9447-467F118FEBF7}.Debug|x64.Build.0 = Debug|x64
		{9C6E64DC-A002-4A73-9447-467F118FEBF7}.Debug|x86.ActiveCfg = Debug|x64
		{9C6E64DC-A002-4A73-9447-467F118FEBF7}.Release|x64.ActiveCfg = Release|x64
		{9C6E64DC-A002-4A73-9447-467F118FEBF7}.Release|x64.Build.0 = Release|x64
		{9C6E64DC-A002-4A73-9447-467F118FEBF7}.Release|x86.ActiveCfg = Release|x64
		{52CF496D-1E32-4936-B9E8-ED46B46AADDC}.Debug|x64.ActiveCfg = Debug|x64
		{52CF496D-1E32-4936-B9E8-ED46B46AADDC}.Debug|x64.Build.0 = Debug|x64
		{52CF496D-1E32-4936-B9E8-ED46B46AADDC}.Debug|x86.ActiveCfg = Debug|x64
		{52CF496D-1E32-4936-B9E8-ED46B46AADDC}.Release|x64.ActiveCfg = Release|x64
		{52CF496D-1E32-4936-B9E8-ED46B46AADDC}.Release|x64.Build.0 = Release|x64
		{52CF496D-1E32-4936-B9E8-ED46B46AADDC}.Release|x86.ActiveCfg = Release|x64
		{6536CC03-9893-414A-934B-D9A39AF223A9}.Debug|x64.ActiveCfg = Debug|x64
		{6536CC03-9893-414A-934B-D9A39AF223A9}.Debug|x64.Build.0 = Debug|x64
		{6536CC03-9893-414A-934B-D9A39AF223A9}.Debug|x86.ActiveCfg = Debug|x64
		{6536CC03-9893-414A-934B-D9A39AF223A9}.Release|x64.ActiveCfg = Release|x64
		{6536CC03-9893-414A-934B-D9A39AF223A9}.Release|x64.Build.0 = Release|x64
		{6536CC03-9893-414A-934B-D9A39AF223A9}.Release|x86.ActiveCfg = Release|x64
		{C597FB2F-BF7E-4357-AC4E-D46BA5B14020}.Debug|x64.ActiveCfg = Debug|x64
		{C597FB2F-BF7E-4357-AC4E-D46BA5B14020}.Debug|x64.Build.0 = Debug|x64
		{C597FB2F-BF7E-4357-AC4E-D46BA5B14020}.Debug|x86.ActiveCfg = Debug|x64
		{C597FB2F-BF7E-4357-AC4E-D46BA5B14020}.Release|x64.ActiveCfg = Release|x64
		{C597FB2F-BF7E-4357-AC4E-D46BA5B14020}.Release|x64.Build.0 = Release|x64
		{C597FB2F-BF7E-4357-AC4E-D46BA5B14020}.Release|x86.ActiveCfg = Release|x64
		{A85A10B7-6E55-4B40-9E08-9D82C9E11EF1}.Debug|x64.ActiveCfg = Debug|x64
		{A85A10B7-6E55-4B40-9E08-9D82C9E11EF1}.Debug|x64.Build.0 = Debug|x64
		{A85A10B7-6E55-4B40-9E08-9D82C9E11EF1}.Debug|x86.ActiveCfg = Debug|x64
		{A85A10B7-6E55-4B40-9E08-9D82C9E11EF1}.Release|x64.ActiveCfg = Release|x64
		{A85A10B7-6E55-4B40-9E08-9D82C9E11EF1}.Release|x64.Build.0 = Release|x64
		{A85A10B7-6E55-4B40-9E08-9D82C9E11EF1}.Release|x86.ActiveCfg = Release|x64
		{EB4EBA70-C7D5-46B5-9C25-98223CD01794}.Debug|x64.ActiveCfg = Debug|x64
		{EB4EBA70-C7D5-46B5-9C25-98223CD01794}.Debug|x64.Build.0 = Debug|x64
		{EB4EBA70-C7D5-46B5-9C25-98223CD01794}.Debug|x86.ActiveCfg = Debug|x64
		{EB4EBA70-C7D5-46B5-9C25-98223CD01794}.Release|x64.ActiveCfg = Release|x64
		{EB4EBA70-C7D5-46B5-9C25-98223CD01794}.Release|x64.Build.0 = Release|x64
		{EB4EBA70-C7D5-46B5-9C25-98223CD01794}.Release|x86.ActiveCfg = Release|x64
		{7FA4A42A-662F-4F29-839B-4CEB0645FD4A}.Debug|x64.ActiveCfg = Debug|x64
		{7FA4A42A-662F-4F29-839B-4CEB0645FD4A}.Debug|x64.Build.0 = Debug|x64
		{7FA4A42A-662F-4F29-839B-4CEB0645FD4A}.Debug|x86.ActiveCfg = Debug|x64
		{7FA4A42A-662F-4F29-839B-4CEB0645FD4A}.Debug|x86.Build.0 = Debug|x64
		{7FA4A42A-662F-4F29-839B-4CEB0645FD4A}.Release|x64.ActiveCfg = Release|x64
		{7FA4A42A-662F-4F29-839B-4CEB0645FD4A}.Release|x64.Build.0 = Release|x64
		{7FA4A42A-662F-4F29-839B-4CEB0645FD4A}.Release|x86.ActiveCfg = Release|x64
		{7FA4A42A-662F-4F29-839B-4CEB0645FD4A}.Release|x86.Build.0 = Release|x64
		{1C8EAAF2-133E-4CEE-8981-4A903A8B3935}.Debug|x64.ActiveCfg = Debug|x64
		{1C8EAAF2-133E-4CEE-8981-4A903A8B3935}.Debug|x64.Build.0 = Debug|x64
		{1C8EAAF2-133E-4CEE-8981-4A903A8B3935}.Debug|x86.ActiveCfg = Debug|Win32
		{1C8EAAF2-133E-4CEE-8981-4A903A8B3935}.Debug|x86.Build.0 = Debug|Win32
		{1C8EAAF2-133E-4CEE-8981-4A903A8B3935}.Release|x64.ActiveCfg = Release|x64
		{1C8EAAF2-133E-4CEE-8981-4A903A8B3935}.Release|x64.Build.0 = Release|x64
		{1C8EAAF2-133E-4CEE-8981-4A903A8B3935}.Release|x86.ActiveCfg = Release|Win32
		{1C8EAAF2-133E-4CEE-8981-4A903A8B3935}.Release|x86.Build.0 = Release|Win32
		{FAD73FC9-C346-447F-9EC0-698F0EECEDC3}.Debug|x64.ActiveCfg = Debug|x64
		{FAD73FC9-C346-447F-9EC0-698F0EECEDC3}.Debug|x64.Build.0 = Debug|x64
		{FAD73FC9-C346-447F-9EC0-698F0EECEDC3}.Debug|x86.ActiveCfg = Debug|x64
		{FAD73FC9-C346-447F-9EC0-698F0EECEDC3}.Debug|x86.Build.0 = Debug|x64
		{FAD73FC9-C346-447F-9EC0-698F0EECEDC3}.Release|x64.ActiveCfg = Release|x64
		{FAD73FC9-C346-447F-9EC0-698F0EECEDC3}.Release|x64.Build.0 = Release|x64
		{FAD73FC9-C346-447F-9EC0-698F0EECEDC3}.Release|x86.ActiveCfg = Release|x64
		{FAD73FC9-C346-447F-9EC0-698F0EECEDC3}.Release|x86.Build.0 = Release|x64
	EndGlobalSection
	GlobalSection(SolutionProperties) = preSolution
		HideSolutionNode = FALSE
	EndGlobalSection
	GlobalSection(NestedProjects) = preSolution
		{9C6E64DC-A002-4A73-9447-467F118FEBF7} = {A3445255-0068-49C6-A2C3-8697EEC5BE19}
		{52CF496D-1E32-4936-B9E8-ED46B46AADDC} = {A3445255-0068-49C6-A2C3-8697EEC5BE19}
		{6536CC03-9893-414A-934B-D9A39AF223A9} = {A3445255-0068-49C6-A2C3-8697EEC5BE19}
		{C597FB2F-BF7E-4357-AC4E-D46BA5B14020} = {A3445255-0068-49C6-A2C3-8697EEC5BE19}
		{A85A10B7-6E55-4B40-9E08-9D82C9E11EF1} = {A3445255-0068-49C6-A2C3-8697EEC5BE19}
		{EB4EBA70-C7D5-46B5-9C25-98223CD01794} = {A3445255-0068-49C6-A2C3-8697EEC5BE19}
		{7FA4A42A-662F-4F29-839B-4CEB0645FD4A} = {A3445255-0068-49C6-A2C3-8697EEC5BE19}
		{1C8EAAF2-133E-4CEE-8981-4A903A8B3935} = {A3445255-0068-49C6-A2C3-8697EEC5BE19}
		{FAD73FC9-C346-447F-9EC0-698F0EECEDC3} = {A3445255-0068-49C6-A2C3-8697EEC5BE19}
	EndGlobalSection
	GlobalSection(ExtensibilityGlobals) = postSolution
		SolutionGuid = {66351881-7B3E-4068-89D7-CD65FD6BB2B1}
	EndGlobalSection
	GlobalSection(DPCodeReviewSolutionGUID) = preSolution
		DPCodeReviewSolutionGUID = {00000000-0000-0000-0000-000000000000}
	EndGlobalSection
	GlobalSection(NDepend) = preSolution
		Project = ".\VisuLATTE.ndproj"
	EndGlobalSection
EndGlobal
